<?xml version="1.0" encoding="utf-8"?>
<Project ToolsVersion="4.0" xmlns="http://schemas.microsoft.com/developer/msbuild/2003">
  <ItemGroup>
    <Filter Include="Fichiers sources">
      <UniqueIdentifier>{4FC737F1-C7A5-4376-A066-2A32D752A2FF}</UniqueIdentifier>
      <Extensions>cpp;c;cc;cxx;def;odl;idl;hpj;bat;asm;asmx</Extensions>
    </Filter>
    <Filter Include="Fichiers d%27en-tête">
      <UniqueIdentifier>{93995380-89BD-4b04-88EB-625FBE52EBFB}</UniqueIdentifier>
      <Extensions>h;hpp;hxx;hm;inl;inc;xsd</Extensions>
    </Filter>
    <Filter Include="Fichiers de ressources">
      <UniqueIdentifier>{67DA6AB6-F800-4c08-8B7A-83BB121AAD01}</UniqueIdentifier>
      <Extensions>rc;ico;cur;bmp;dlg;rc2;rct;bin;rgs;gif;jpg;jpeg;jpe;resx;tiff;tif;png;wav;mfcribbon-ms</Extensions>
    </Filter>
  </ItemGroup>
  <ItemGroup>
    <ClCompile Include="blob.cpp">
      <Filter>Fichiers sources</Filter>
    </ClCompile>
    <ClCompile Include="bloblist.cpp">
      <Filter>Fichiers sources</Filter>
    </ClCompile>
    <ClCompile Include="hashtable.cpp">
      <Filter>Fichiers sources</Filter>
    </ClCompile>
    <ClCompile Include="imgProcChiang.cpp">
      <Filter>Fichiers sources</Filter>
    </ClCompile>
    <ClCompile Include="imgProcGM.cpp">
      <Filter>Fichiers sources</Filter>
    </ClCompile>
    <ClCompile Include="llah.cpp">
      <Filter>Fichiers sources</Filter>
    </ClCompile>
    <ClCompile Include="llahparam.cpp">
      <Filter>Fichiers sources</Filter>
    </ClCompile>
    <ClCompile Include="main.cpp">
      <Filter>Fichiers sources</Filter>
    </ClCompile>
    <ClCompile Include="paper.cpp">
      <Filter>Fichiers sources</Filter>
    </ClCompile>
    <ClCompile Include="paperlist.cpp">
      <Filter>Fichiers sources</Filter>
    </ClCompile>
    <ClCompile Include="window.cpp">
      <Filter>Fichiers sources</Filter>
    </ClCompile>
    <ClCompile Include="mylib\combination.cpp">
      <Filter>Fichiers sources</Filter>
    </ClCompile>
    <ClCompile Include="mylib\glwindow.cpp">
      <Filter>Fichiers sources</Filter>
    </ClCompile>
    <ClCompile Include="mylib\mycam.cpp">
      <Filter>Fichiers sources</Filter>
    </ClCompile>
    <ClCompile Include="mylib\myimage.cpp">
      <Filter>Fichiers sources</Filter>
    </ClCompile>
    <ClCompile Include="mylib\mylabel.cpp">
      <Filter>Fichiers sources</Filter>
    </ClCompile>
    <ClCompile Include="mylib\mymat.cpp">
      <Filter>Fichiers sources</Filter>
    </ClCompile>
    <ClCompile Include="mylib\mytimer.cpp">
      <Filter>Fichiers sources</Filter>
    </ClCompile>
    <ClCompile Include="skeletonization\Intersections.cpp">
      <Filter>Fichiers sources</Filter>
    </ClCompile>
    <ClCompile Include="skeletonization\Skeletonize.cpp">
      <Filter>Fichiers sources</Filter>
    </ClCompile>
  </ItemGroup>
  <ItemGroup>
    <ClInclude Include="blob.h">
      <Filter>Fichiers sources</Filter>
    </ClInclude>
    <ClInclude Include="bloblist.h">
      <Filter>Fichiers sources</Filter>
    </ClInclude>
    <ClInclude Include="hashtable.h">
      <Filter>Fichiers sources</Filter>
    </ClInclude>
    <ClInclude Include="imgProcChiang.h">
      <Filter>Fichiers sources</Filter>
    </ClInclude>
    <ClInclude Include="imgProcGM.h">
      <Filter>Fichiers sources</Filter>
    </ClInclude>
    <ClInclude Include="LLAH.h">
      <Filter>Fichiers sources</Filter>
    </ClInclude>
    <ClInclude Include="llahparam.h">
      <Filter>Fichiers sources</Filter>
    </ClInclude>
    <ClInclude Include="main.h">
      <Filter>Fichiers sources</Filter>
    </ClInclude>
    <ClInclude Include="paper.h">
      <Filter>Fichiers sources</Filter>
    </ClInclude>
    <ClInclude Include="paperlist.h">
      <Filter>Fichiers sources</Filter>
    </ClInclude>
    <ClInclude Include="window.h">
      <Filter>Fichiers sources</Filter>
    </ClInclude>
    <ClInclude Include="mylib\combination.h">
      <Filter>Fichiers d%27en-tête</Filter>
    </ClInclude>
    <ClInclude Include="mylib\glwindow.h">
      <Filter>Fichiers d%27en-tête</Filter>
    </ClInclude>
    <ClInclude Include="mylib\mycam.h">
      <Filter>Fichiers d%27en-tête</Filter>
    </ClInclude>
    <ClInclude Include="mylib\myimage.h">
      <Filter>Fichiers d%27en-tête</Filter>
    </ClInclude>
    <ClInclude Include="mylib\mylabel.h">
      <Filter>Fichiers d%27en-tête</Filter>
    </ClInclude>
    <ClInclude Include="mylib\mymat.h">
      <Filter>Fichiers d%27en-tête</Filter>
    </ClInclude>
    <ClInclude Include="mylib\mytimer.h">
      <Filter>Fichiers d%27en-tête</Filter>
    </ClInclude>
    <ClInclude Include="mylib\opencvpath.h">
      <Filter>Fichiers d%27en-tête</Filter>
    </ClInclude>
    <ClInclude Include="skeletonization\Intersections.h">
      <Filter>Fichiers d%27en-tête</Filter>
    </ClInclude>
    <ClInclude Include="skeletonization\Skeletonize.h">
      <Filter>Fichiers d%27en-tête</Filter>
    </ClInclude>
  </ItemGroup>
</Project>